
Microsoft Visual Studio Solution File, Format Version 12.00
# Visual Studio Version 17
VisualStudioVersion = 17.2.32526.322
MinimumVisualStudioVersion = 10.0.40219.1
Project("{9A19103F-16F7-4668-BE54-9A1E7A4F7556}") = "NEWFLASH", "NEWFLASH\NEWFLASH.csproj", "{1D429DB6-5CF6-4FC6-B821-266045A4CCA1}"
EndProject
Project("{FAE04EC0-301F-11D3-BF4B-00C04F79EFBC}") = "TestNewFlash", "TestNewFlash\TestNewFlash.csproj", "{4C00082D-1E68-447A-A2F3-D192E4487C9C}"
EndProject
Global
	GlobalSection(SolutionConfigurationPlatforms) = preSolution
		Debug|Any CPU = Debug|Any CPU
		Release|Any CPU = Release|Any CPU
	EndGlobalSection
	GlobalSection(ProjectConfigurationPlatforms) = postSolution
		{1D429DB6-5CF6-4FC6-B821-266045A4CCA1}.Debug|Any CPU.ActiveCfg = Debug|Any CPU
		{1D429DB6-5CF6-4FC6-B821-266045A4CCA1}.Debug|Any CPU.Build.0 = Debug|Any CPU
		{1D429DB6-5CF6-4FC6-B821-266045A4CCA1}.Release|Any CPU.ActiveCfg = Release|Any CPU
		{1D429DB6-5CF6-4FC6-B821-266045A4CCA1}.Release|Any CPU.Build.0 = Release|Any CPU
		{4C00082D-1E68-447A-A2F3-D192E4487C9C}.Debug|Any CPU.ActiveCfg = Debug|Any CPU
		{4C00082D-1E68-447A-A2F3-D192E4487C9C}.Debug|Any CPU.Build.0 = Debug|Any CPU
		{4C00082D-1E68-447A-A2F3-D192E4487C9C}.Release|Any CPU.ActiveCfg = Release|Any CPU
		{4C00082D-1E68-447A-A2F3-D192E4487C9C}.Release|Any CPU.Build.0 = Release|Any CPU
	EndGlobalSection
	GlobalSection(SolutionProperties) = preSolution
		HideSolutionNode = FALSE
	EndGlobalSection
	GlobalSection(ExtensibilityGlobals) = postSolution
		SolutionGuid = {358A35F9-0208-4A51-B32A-575FE361609A}
	EndGlobalSection
EndGlobal
